// !$*UTF8*$!
{
	archiveVersion = 1;
	classes = {
	};
	objectVersion = 46;
	objects = {

/* Begin PBXBuildFile section */
		29B7490B83E28FF19A4BE79A /* Pods_ivolleyscore.framework in Frameworks */ = {isa = PBXBuildFile; fileRef = 212AC9274EA7F01358CB2DF6 /* Pods_ivolleyscore.framework */; };
		C10D06291C67950100FF460F /* DataService.swift in Sources */ = {isa = PBXBuildFile; fileRef = C10D06281C67950100FF460F /* DataService.swift */; };
		C1827B741C6D958B00DF10B2 /* ScoringToolViewController.swift in Sources */ = {isa = PBXBuildFile; fileRef = C1827B731C6D958B00DF10B2 /* ScoringToolViewController.swift */; };
		C18B82511C8BB374005BD307 /* MaterialView.swift in Sources */ = {isa = PBXBuildFile; fileRef = C18B82501C8BB374005BD307 /* MaterialView.swift */; };
		C192DC321C83453B00447EEC /* todo.swift in Sources */ = {isa = PBXBuildFile; fileRef = C192DC311C83453B00447EEC /* todo.swift */; };
		C1A414B11C67826100A962BA /* AppDelegate.swift in Sources */ = {isa = PBXBuildFile; fileRef = C1A414B01C67826100A962BA /* AppDelegate.swift */; };
		C1A414B31C67826100A962BA /* LoginViewController.swift in Sources */ = {isa = PBXBuildFile; fileRef = C1A414B21C67826100A962BA /* LoginViewController.swift */; };
		C1A414B61C67826100A962BA /* Main.storyboard in Resources */ = {isa = PBXBuildFile; fileRef = C1A414B41C67826100A962BA /* Main.storyboard */; };
		C1A414B81C67826100A962BA /* Assets.xcassets in Resources */ = {isa = PBXBuildFile; fileRef = C1A414B71C67826100A962BA /* Assets.xcassets */; };
		C1A414BB1C67826100A962BA /* LaunchScreen.storyboard in Resources */ = {isa = PBXBuildFile; fileRef = C1A414B91C67826100A962BA /* LaunchScreen.storyboard */; };
		C1ACB7861CBDCAD5000534A2 /* MaterialButtonView.swift in Sources */ = {isa = PBXBuildFile; fileRef = C1ACB7851CBDCAD5000534A2 /* MaterialButtonView.swift */; };
		C1D4D5EE1D4E256D00B03511 /* GoogleService-Info.plist in Resources */ = {isa = PBXBuildFile; fileRef = C1D4D5ED1D4E256D00B03511 /* GoogleService-Info.plist */; };
		C1E4A7741C67A4D30003BFC0 /* Constants.swift in Sources */ = {isa = PBXBuildFile; fileRef = C1E4A7731C67A4D30003BFC0 /* Constants.swift */; };
		C1E4A7771C68427B0003BFC0 /* StartNewMatchController.swift in Sources */ = {isa = PBXBuildFile; fileRef = C1E4A7761C68427B0003BFC0 /* StartNewMatchController.swift */; };
		C1E4A7791C68F9660003BFC0 /* MatchSearchViewController.swift in Sources */ = {isa = PBXBuildFile; fileRef = C1E4A7781C68F9660003BFC0 /* MatchSearchViewController.swift */; };
		C1E4A77C1C68FDC40003BFC0 /* Match.swift in Sources */ = {isa = PBXBuildFile; fileRef = C1E4A77B1C68FDC40003BFC0 /* Match.swift */; };
		C1E4A77F1C6908370003BFC0 /* MatchCell.swift in Sources */ = {isa = PBXBuildFile; fileRef = C1E4A77E1C6908370003BFC0 /* MatchCell.swift */; };
		C1E4A7811C69688C0003BFC0 /* ScoreboardViewController.swift in Sources */ = {isa = PBXBuildFile; fileRef = C1E4A7801C69688C0003BFC0 /* ScoreboardViewController.swift */; };
/* End PBXBuildFile section */

/* Begin PBXFileReference section */
		212AC9274EA7F01358CB2DF6 /* Pods_ivolleyscore.framework */ = {isa = PBXFileReference; explicitFileType = wrapper.framework; includeInIndex = 0; path = Pods_ivolleyscore.framework; sourceTree = BUILT_PRODUCTS_DIR; };
		C10D06281C67950100FF460F /* DataService.swift */ = {isa = PBXFileReference; fileEncoding = 4; lastKnownFileType = sourcecode.swift; path = DataService.swift; sourceTree = "<group>"; };
		C1827B731C6D958B00DF10B2 /* ScoringToolViewController.swift */ = {isa = PBXFileReference; fileEncoding = 4; lastKnownFileType = sourcecode.swift; path = ScoringToolViewController.swift; sourceTree = "<group>"; };
		C18B82501C8BB374005BD307 /* MaterialView.swift */ = {isa = PBXFileReference; fileEncoding = 4; lastKnownFileType = sourcecode.swift; path = MaterialView.swift; sourceTree = "<group>"; };
		C192DC311C83453B00447EEC /* todo.swift */ = {isa = PBXFileReference; fileEncoding = 4; lastKnownFileType = sourcecode.swift; path = todo.swift; sourceTree = "<group>"; };
		C1A414AD1C67826100A962BA /* ivolleyscore.app */ = {isa = PBXFileReference; explicitFileType = wrapper.application; includeInIndex = 0; path = ivolleyscore.app; sourceTree = BUILT_PRODUCTS_DIR; };
		C1A414B01C67826100A962BA /* AppDelegate.swift */ = {isa = PBXFileReference; lastKnownFileType = sourcecode.swift; path = AppDelegate.swift; sourceTree = "<group>"; };
		C1A414B21C67826100A962BA /* LoginViewController.swift */ = {isa = PBXFileReference; lastKnownFileType = sourcecode.swift; path = LoginViewController.swift; sourceTree = "<group>"; };
		C1A414B51C67826100A962BA /* Base */ = {isa = PBXFileReference; lastKnownFileType = file.storyboard; name = Base; path = Base.lproj/Main.storyboard; sourceTree = "<group>"; };
		C1A414B71C67826100A962BA /* Assets.xcassets */ = {isa = PBXFileReference; lastKnownFileType = folder.assetcatalog; path = Assets.xcassets; sourceTree = "<group>"; };
		C1A414BA1C67826100A962BA /* Base */ = {isa = PBXFileReference; lastKnownFileType = file.storyboard; name = Base; path = Base.lproj/LaunchScreen.storyboard; sourceTree = "<group>"; };
		C1A414BC1C67826100A962BA /* Info.plist */ = {isa = PBXFileReference; lastKnownFileType = text.plist.xml; path = Info.plist; sourceTree = "<group>"; };
		C1ACB7851CBDCAD5000534A2 /* MaterialButtonView.swift */ = {isa = PBXFileReference; fileEncoding = 4; lastKnownFileType = sourcecode.swift; path = MaterialButtonView.swift; sourceTree = "<group>"; };
		C1D4D5ED1D4E256D00B03511 /* GoogleService-Info.plist */ = {isa = PBXFileReference; fileEncoding = 4; lastKnownFileType = text.plist.xml; path = "GoogleService-Info.plist"; sourceTree = "<group>"; };
		C1E4A7731C67A4D30003BFC0 /* Constants.swift */ = {isa = PBXFileReference; fileEncoding = 4; lastKnownFileType = sourcecode.swift; path = Constants.swift; sourceTree = "<group>"; };
		C1E4A7761C68427B0003BFC0 /* StartNewMatchController.swift */ = {isa = PBXFileReference; fileEncoding = 4; lastKnownFileType = sourcecode.swift; path = StartNewMatchController.swift; sourceTree = "<group>"; };
		C1E4A7781C68F9660003BFC0 /* MatchSearchViewController.swift */ = {isa = PBXFileReference; fileEncoding = 4; lastKnownFileType = sourcecode.swift; path = MatchSearchViewController.swift; sourceTree = "<group>"; };
		C1E4A77B1C68FDC40003BFC0 /* Match.swift */ = {isa = PBXFileReference; fileEncoding = 4; lastKnownFileType = sourcecode.swift; path = Match.swift; sourceTree = "<group>"; };
		C1E4A77E1C6908370003BFC0 /* MatchCell.swift */ = {isa = PBXFileReference; fileEncoding = 4; lastKnownFileType = sourcecode.swift; path = MatchCell.swift; sourceTree = "<group>"; };
		C1E4A7801C69688C0003BFC0 /* ScoreboardViewController.swift */ = {isa = PBXFileReference; fileEncoding = 4; lastKnownFileType = sourcecode.swift; path = ScoreboardViewController.swift; sourceTree = "<group>"; };
		EE4D2979B6B2E858E0566562 /* Pods-ivolleyscore.debug.xcconfig */ = {isa = PBXFileReference; includeInIndex = 1; lastKnownFileType = text.xcconfig; name = "Pods-ivolleyscore.debug.xcconfig"; path = "Pods/Target Support Files/Pods-ivolleyscore/Pods-ivolleyscore.debug.xcconfig"; sourceTree = "<group>"; };
		F59AA52163D55FFB14CDF169 /* Pods-ivolleyscore.release.xcconfig */ = {isa = PBXFileReference; includeInIndex = 1; lastKnownFileType = text.xcconfig; name = "Pods-ivolleyscore.release.xcconfig"; path = "Pods/Target Support Files/Pods-ivolleyscore/Pods-ivolleyscore.release.xcconfig"; sourceTree = "<group>"; };
/* End PBXFileReference section */

/* Begin PBXFrameworksBuildPhase section */
		C1A414AA1C67826100A962BA /* Frameworks */ = {
			isa = PBXFrameworksBuildPhase;
			buildActionMask = 2147483647;
			files = (
				29B7490B83E28FF19A4BE79A /* Pods_ivolleyscore.framework in Frameworks */,
			);
			runOnlyForDeploymentPostprocessing = 0;
		};
/* End PBXFrameworksBuildPhase section */

/* Begin PBXGroup section */
		A46E2F2A776E7EFA593E1656 /* Pods */ = {
			isa = PBXGroup;
			children = (
				EE4D2979B6B2E858E0566562 /* Pods-ivolleyscore.debug.xcconfig */,
				F59AA52163D55FFB14CDF169 /* Pods-ivolleyscore.release.xcconfig */,
			);
			name = Pods;
			sourceTree = "<group>";
		};
		C10D06271C67947500FF460F /* Services */ = {
			isa = PBXGroup;
			children = (
				C10D06281C67950100FF460F /* DataService.swift */,
			);
			name = Services;
			sourceTree = "<group>";
		};
		C1A414A41C67826100A962BA = {
			isa = PBXGroup;
			children = (
				C1D4D5ED1D4E256D00B03511 /* GoogleService-Info.plist */,
				C1A414AF1C67826100A962BA /* ivolleyscore */,
				C1A414AE1C67826100A962BA /* Products */,
				EF8E02D98CD075F85E71E030 /* Frameworks */,
				A46E2F2A776E7EFA593E1656 /* Pods */,
			);
			sourceTree = "<group>";
		};
		C1A414AE1C67826100A962BA /* Products */ = {
			isa = PBXGroup;
			children = (
				C1A414AD1C67826100A962BA /* ivolleyscore.app */,
			);
			name = Products;
			sourceTree = "<group>";
		};
		C1A414AF1C67826100A962BA /* ivolleyscore */ = {
			isa = PBXGroup;
			children = (
				C1E4A77D1C6907DB0003BFC0 /* Views */,
				C1E4A77A1C68FDA90003BFC0 /* Model */,
				C1E4A7751C67FABE0003BFC0 /* Controllers */,
				C1E4A7721C67A4C00003BFC0 /* Util */,
				C10D06271C67947500FF460F /* Services */,
				C1A414B01C67826100A962BA /* AppDelegate.swift */,
				C1A414B41C67826100A962BA /* Main.storyboard */,
				C1A414B71C67826100A962BA /* Assets.xcassets */,
				C1A414B91C67826100A962BA /* LaunchScreen.storyboard */,
				C1A414BC1C67826100A962BA /* Info.plist */,
				C192DC311C83453B00447EEC /* todo.swift */,
			);
			path = ivolleyscore;
			sourceTree = "<group>";
		};
		C1E4A7721C67A4C00003BFC0 /* Util */ = {
			isa = PBXGroup;
			children = (
				C1E4A7731C67A4D30003BFC0 /* Constants.swift */,
			);
			name = Util;
			sourceTree = "<group>";
		};
		C1E4A7751C67FABE0003BFC0 /* Controllers */ = {
			isa = PBXGroup;
			children = (
				C1A414B21C67826100A962BA /* LoginViewController.swift */,
				C1E4A7761C68427B0003BFC0 /* StartNewMatchController.swift */,
				C1E4A7781C68F9660003BFC0 /* MatchSearchViewController.swift */,
				C1E4A7801C69688C0003BFC0 /* ScoreboardViewController.swift */,
				C1827B731C6D958B00DF10B2 /* ScoringToolViewController.swift */,
			);
			name = Controllers;
			sourceTree = "<group>";
		};
		C1E4A77A1C68FDA90003BFC0 /* Model */ = {
			isa = PBXGroup;
			children = (
				C1E4A77B1C68FDC40003BFC0 /* Match.swift */,
			);
			name = Model;
			sourceTree = "<group>";
		};
		C1E4A77D1C6907DB0003BFC0 /* Views */ = {
			isa = PBXGroup;
			children = (
				C1E4A77E1C6908370003BFC0 /* MatchCell.swift */,
				C18B82501C8BB374005BD307 /* MaterialView.swift */,
				C1ACB7851CBDCAD5000534A2 /* MaterialButtonView.swift */,
			);
			name = Views;
			sourceTree = "<group>";
		};
		EF8E02D98CD075F85E71E030 /* Frameworks */ = {
			isa = PBXGroup;
			children = (
				212AC9274EA7F01358CB2DF6 /* Pods_ivolleyscore.framework */,
			);
			name = Frameworks;
			sourceTree = "<group>";
		};
/* End PBXGroup section */

/* Begin PBXNativeTarget section */
		C1A414AC1C67826100A962BA /* ivolleyscore */ = {
			isa = PBXNativeTarget;
			buildConfigurationList = C1A414BF1C67826100A962BA /* Build configuration list for PBXNativeTarget "ivolleyscore" */;
			buildPhases = (
				303654B90C312CCC32A9D7D8 /* 📦 Check Pods Manifest.lock */,
				C1A414A91C67826100A962BA /* Sources */,
				C1A414AA1C67826100A962BA /* Frameworks */,
				C1A414AB1C67826100A962BA /* Resources */,
				28745B60858A0A82A541539E /* 📦 Embed Pods Frameworks */,
				8592B17D9ABE77B8D63A6DCC /* 📦 Copy Pods Resources */,
			);
			buildRules = (
			);
			dependencies = (
			);
			name = ivolleyscore;
			productName = ivolleyscore;
			productReference = C1A414AD1C67826100A962BA /* ivolleyscore.app */;
			productType = "com.apple.product-type.application";
		};
/* End PBXNativeTarget section */

/* Begin PBXProject section */
		C1A414A51C67826100A962BA /* Project object */ = {
			isa = PBXProject;
			attributes = {
				LastSwiftUpdateCheck = 0720;
				LastUpgradeCheck = 0720;
				ORGANIZATIONNAME = jbapps;
				TargetAttributes = {
					C1A414AC1C67826100A962BA = {
						CreatedOnToolsVersion = 7.2;
						DevelopmentTeam = 9NKU73X7TX;
					};
				};
			};
			buildConfigurationList = C1A414A81C67826100A962BA /* Build configuration list for PBXProject "ivolleyscore" */;
			compatibilityVersion = "Xcode 3.2";
			developmentRegion = English;
			hasScannedForEncodings = 0;
			knownRegions = (
				en,
				Base,
			);
			mainGroup = C1A414A41C67826100A962BA;
			productRefGroup = C1A414AE1C67826100A962BA /* Products */;
			projectDirPath = "";
			projectRoot = "";
			targets = (
				C1A414AC1C67826100A962BA /* ivolleyscore */,
			);
		};
/* End PBXProject section */

/* Begin PBXResourcesBuildPhase section */
		C1A414AB1C67826100A962BA /* Resources */ = {
			isa = PBXResourcesBuildPhase;
			buildActionMask = 2147483647;
			files = (
				C1A414BB1C67826100A962BA /* LaunchScreen.storyboard in Resources */,
				C1D4D5EE1D4E256D00B03511 /* GoogleService-Info.plist in Resources */,
				C1A414B81C67826100A962BA /* Assets.xcassets in Resources */,
				C1A414B61C67826100A962BA /* Main.storyboard in Resources */,
			);
			runOnlyForDeploymentPostprocessing = 0;
		};
/* End PBXResourcesBuildPhase section */

/* Begin PBXShellScriptBuildPhase section */
		28745B60858A0A82A541539E /* 📦 Embed Pods Frameworks */ = {
			isa = PBXShellScriptBuildPhase;
			buildActionMask = 2147483647;
			files = (
			);
			inputPaths = (
			);
			name = "📦 Embed Pods Frameworks";
			outputPaths = (
			);
			runOnlyForDeploymentPostprocessing = 0;
			shellPath = /bin/sh;
			shellScript = "\"${SRCROOT}/Pods/Target Support Files/Pods-ivolleyscore/Pods-ivolleyscore-frameworks.sh\"\n";
			showEnvVarsInLog = 0;
		};
		303654B90C312CCC32A9D7D8 /* 📦 Check Pods Manifest.lock */ = {
			isa = PBXShellScriptBuildPhase;
			buildActionMask = 2147483647;
			files = (
			);
			inputPaths = (
			);
			name = "📦 Check Pods Manifest.lock";
			outputPaths = (
			);
			runOnlyForDeploymentPostprocessing = 0;
			shellPath = /bin/sh;
			shellScript = "diff \"${PODS_ROOT}/../Podfile.lock\" \"${PODS_ROOT}/Manifest.lock\" > /dev/null\nif [[ $? != 0 ]] ; then\n    cat << EOM\nerror: The sandbox is not in sync with the Podfile.lock. Run 'pod install' or update your CocoaPods installation.\nEOM\n    exit 1\nfi\n";
			showEnvVarsInLog = 0;
		};
		8592B17D9ABE77B8D63A6DCC /* 📦 Copy Pods Resources */ = {
			isa = PBXShellScriptBuildPhase;
			buildActionMask = 2147483647;
			files = (
			);
			inputPaths = (
			);
			name = "📦 Copy Pods Resources";
			outputPaths = (
			);
			runOnlyForDeploymentPostprocessing = 0;
			shellPath = /bin/sh;
			shellScript = "\"${SRCROOT}/Pods/Target Support Files/Pods-ivolleyscore/Pods-ivolleyscore-resources.sh\"\n";
			showEnvVarsInLog = 0;
		};
/* End PBXShellScriptBuildPhase section */

/* Begin PBXSourcesBuildPhase section */
		C1A414A91C67826100A962BA /* Sources */ = {
			isa = PBXSourcesBuildPhase;
			buildActionMask = 2147483647;
			files = (
				C10D06291C67950100FF460F /* DataService.swift in Sources */,
				C1E4A7811C69688C0003BFC0 /* ScoreboardViewController.swift in Sources */,
				C1A414B31C67826100A962BA /* LoginViewController.swift in Sources */,
				C18B82511C8BB374005BD307 /* MaterialView.swift in Sources */,
				C1A414B11C67826100A962BA /* AppDelegate.swift in Sources */,
				C1827B741C6D958B00DF10B2 /* ScoringToolViewController.swift in Sources */,
				C192DC321C83453B00447EEC /* todo.swift in Sources */,
				C1E4A7741C67A4D30003BFC0 /* Constants.swift in Sources */,
				C1E4A7791C68F9660003BFC0 /* MatchSearchViewController.swift in Sources */,
				C1E4A7771C68427B0003BFC0 /* StartNewMatchController.swift in Sources */,
				C1E4A77C1C68FDC40003BFC0 /* Match.swift in Sources */,
				C1E4A77F1C6908370003BFC0 /* MatchCell.swift in Sources */,
				C1ACB7861CBDCAD5000534A2 /* MaterialButtonView.swift in Sources */,
			);
			runOnlyForDeploymentPostprocessing = 0;
		};
/* End PBXSourcesBuildPhase section */

/* Begin PBXVariantGroup section */
		C1A414B41C67826100A962BA /* Main.storyboard */ = {
			isa = PBXVariantGroup;
			children = (
				C1A414B51C67826100A962BA /* Base */,
			);
			name = Main.storyboard;
			sourceTree = "<group>";
		};
		C1A414B91C67826100A962BA /* LaunchScreen.storyboard */ = {
			isa = PBXVariantGroup;
			children = (
				C1A414BA1C67826100A962BA /* Base */,
			);
			name = LaunchScreen.storyboard;
			sourceTree = "<group>";
		};
/* End PBXVariantGroup section */

/* Begin XCBuildConfiguration section */
		C1A414BD1C67826100A962BA /* Debug */ = {
			isa = XCBuildConfiguration;
			buildSettings = {
				ALWAYS_SEARCH_USER_PATHS = NO;
				CLANG_CXX_LANGUAGE_STANDARD = "gnu++0x";
				CLANG_CXX_LIBRARY = "libc++";
				CLANG_ENABLE_MODULES = YES;
				CLANG_ENABLE_OBJC_ARC = YES;
				CLANG_WARN_BOOL_CONVERSION = YES;
				CLANG_WARN_CONSTANT_CONVERSION = YES;
				CLANG_WARN_DIRECT_OBJC_ISA_USAGE = YES_ERROR;
				CLANG_WARN_EMPTY_BODY = YES;
				CLANG_WARN_ENUM_CONVERSION = YES;
				CLANG_WARN_INT_CONVERSION = YES;
				CLANG_WARN_OBJC_ROOT_CLASS = YES_ERROR;
				CLANG_WARN_UNREACHABLE_CODE = YES;
				CLANG_WARN__DUPLICATE_METHOD_MATCH = YES;
				"CODE_SIGN_IDENTITY[sdk=iphoneos*]" = "iPhone Developer";
				COPY_PHASE_STRIP = NO;
				DEBUG_INFORMATION_FORMAT = dwarf;
				ENABLE_STRICT_OBJC_MSGSEND = YES;
				ENABLE_TESTABILITY = YES;
				GCC_C_LANGUAGE_STANDARD = gnu99;
				GCC_DYNAMIC_NO_PIC = NO;
				GCC_NO_COMMON_BLOCKS = YES;
				GCC_OPTIMIZATION_LEVEL = 0;
				GCC_PREPROCESSOR_DEFINITIONS = (
					"DEBUG=1",
					"$(inherited)",
				);
				GCC_WARN_64_TO_32_BIT_CONVERSION = YES;
				GCC_WARN_ABOUT_RETURN_TYPE = YES_ERROR;
				GCC_WARN_UNDECLARED_SELECTOR = YES;
				GCC_WARN_UNINITIALIZED_AUTOS = YES_AGGRESSIVE;
				GCC_WARN_UNUSED_FUNCTION = YES;
				GCC_WARN_UNUSED_VARIABLE = YES;
				IPHONEOS_DEPLOYMENT_TARGET = 9.2;
				MTL_ENABLE_DEBUG_INFO = YES;
				ONLY_ACTIVE_ARCH = YES;
				SDKROOT = iphoneos;
				SWIFT_OPTIMIZATION_LEVEL = "-Onone";
				TARGETED_DEVICE_FAMILY = "1,2";
			};
			name = Debug;
		};
		C1A414BE1C67826100A962BA /* Release */ = {
			isa = XCBuildConfiguration;
			buildSettings = {
				ALWAYS_SEARCH_USER_PATHS = NO;
				CLANG_CXX_LANGUAGE_STANDARD = "gnu++0x";
				CLANG_CXX_LIBRARY = "libc++";
				CLANG_ENABLE_MODULES = YES;
				CLANG_ENABLE_OBJC_ARC = YES;
				CLANG_WARN_BOOL_CONVERSION = YES;
				CLANG_WARN_CONSTANT_CONVERSION = YES;
				CLANG_WARN_DIRECT_OBJC_ISA_USAGE = YES_ERROR;
				CLANG_WARN_EMPTY_BODY = YES;
				CLANG_WARN_ENUM_CONVERSION = YES;
				CLANG_WARN_INT_CONVERSION = YES;
				CLANG_WARN_OBJC_ROOT_CLASS = YES_ERROR;
				CLANG_WARN_UNREACHABLE_CODE = YES;
				CLANG_WARN__DUPLICATE_METHOD_MATCH = YES;
				"CODE_SIGN_IDENTITY[sdk=iphoneos*]" = "iPhone Developer";
				COPY_PHASE_STRIP = NO;
				DEBUG_INFORMATION_FORMAT = "dwarf-with-dsym";
				ENABLE_NS_ASSERTIONS = NO;
				ENABLE_STRICT_OBJC_MSGSEND = YES;
				GCC_C_LANGUAGE_STANDARD = gnu99;
				GCC_NO_COMMON_BLOCKS = YES;
				GCC_WARN_64_TO_32_BIT_CONVERSION = YES;
				GCC_WARN_ABOUT_RETURN_TYPE = YES_ERROR;
				GCC_WARN_UNDECLARED_SELECTOR = YES;
				GCC_WARN_UNINITIALIZED_AUTOS = YES_AGGRESSIVE;
				GCC_WARN_UNUSED_FUNCTION = YES;
				GCC_WARN_UNUSED_VARIABLE = YES;
				IPHONEOS_DEPLOYMENT_TARGET = 9.2;
				MTL_ENABLE_DEBUG_INFO = NO;
				SDKROOT = iphoneos;
				TARGETED_DEVICE_FAMILY = "1,2";
				VALIDATE_PRODUCT = YES;
			};
			name = Release;
		};
		C1A414C01C67826100A962BA /* Debug */ = {
			isa = XCBuildConfiguration;
			baseConfigurationReference = EE4D2979B6B2E858E0566562 /* Pods-ivolleyscore.debug.xcconfig */;
			buildSettings = {
				ASSETCATALOG_COMPILER_APPICON_NAME = AppIcon;
				CODE_SIGN_IDENTITY = "iPhone Developer";
				"CODE_SIGN_IDENTITY[sdk=iphoneos*]" = "iPhone Developer";
				INFOPLIST_FILE = ivolleyscore/Info.plist;
				LD_RUNPATH_SEARCH_PATHS = "$(inherited) @executable_path/Frameworks";
				PRODUCT_BUNDLE_IDENTIFIER = com.jbapps.ivolleyscore;
				PRODUCT_NAME = "$(TARGET_NAME)";
				PROVISIONING_PROFILE = "";
			};
			name = Debug;
		};
		C1A414C11C67826100A962BA /* Release */ = {
			isa = XCBuildConfiguration;
			baseConfigurationReference = F59AA52163D55FFB14CDF169 /* Pods-ivolleyscore.release.xcconfig */;
			buildSettings = {
				ASSETCATALOG_COMPILER_APPICON_NAME = AppIcon;
				CODE_SIGN_IDENTITY = "iPhone Developer";
				"CODE_SIGN_IDENTITY[sdk=iphoneos*]" = "iPhone Developer";
				INFOPLIST_FILE = ivolleyscore/Info.plist;
				LD_RUNPATH_SEARCH_PATHS = "$(inherited) @executable_path/Frameworks";
				PRODUCT_BUNDLE_IDENTIFIER = com.jbapps.ivolleyscore;
				PRODUCT_NAME = "$(TARGET_NAME)";
				PROVISIONING_PROFILE = "";
			};
			name = Release;
		};
/* End XCBuildConfiguration section */

/* Begin XCConfigurationList section */
		C1A414A81C67826100A962BA /* Build configuration list for PBXProject "ivolleyscore" */ = {
			isa = XCConfigurationList;
			buildConfigurations = (
				C1A414BD1C67826100A962BA /* Debug */,
				C1A414BE1C67826100A962BA /* Release */,
			);
			defaultConfigurationIsVisible = 0;
			defaultConfigurationName = Release;
		};
		C1A414BF1C67826100A962BA /* Build configuration list for PBXNativeTarget "ivolleyscore" */ = {
			isa = XCConfigurationList;
			buildConfigurations = (
				C1A414C01C67826100A962BA /* Debug */,
				C1A414C11C67826100A962BA /* Release */,
			);
			defaultConfigurationIsVisible = 0;
			defaultConfigurationName = Release;
		};
/* End XCConfigurationList section */
	};
	rootObject = C1A414A51C67826100A962BA /* Project object */;
}
